<?xml version="1.0" encoding="utf-8"?>
<Project ToolsVersion="4.0" xmlns="http://schemas.microsoft.com/developer/msbuild/2003">
  <ItemGroup>
    <Filter Include="Main">
      <UniqueIdentifier>{4FC737F1-C7A5-4376-A066-2A32D752A2FF}</UniqueIdentifier>
      <Extensions>cpp;c;cc;cxx;def;odl;idl;hpj;bat;asm;asmx</Extensions>
    </Filter>
    <Filter Include="Game Modules">
      <UniqueIdentifier>{15b5cbc6-cd68-4e6e-8935-b04f2fdf7bf4}</UniqueIdentifier>
    </Filter>
    <Filter Include="Core Modules">
      <UniqueIdentifier>{72b85efa-930b-4213-a8ec-2f0f817410d1}</UniqueIdentifier>
    </Filter>
    <Filter Include="Utils">
      <UniqueIdentifier>{ad89cf24-f35e-4d0c-90e5-820c054c274d}</UniqueIdentifier>
    </Filter>
    <Filter Include="Unity Like">
      <UniqueIdentifier>{b6d60e91-1b1e-4958-85e1-c9a5c3b463bc}</UniqueIdentifier>
    </Filter>
    <Filter Include="Game Modules\Enemies">
      <UniqueIdentifier>{2f7f6ae8-2edf-47b0-9234-3e7833c279d3}</UniqueIdentifier>
    </Filter>
    <Filter Include="Utils\Transforms">
      <UniqueIdentifier>{e600a23c-bbe9-4cb8-a50a-6c184dfff218}</UniqueIdentifier>
    </Filter>
    <Filter Include="Interfaces">
      <UniqueIdentifier>{bde14a8e-04c5-4214-8e6f-a42928a4cd3c}</UniqueIdentifier>
    </Filter>
    <Filter Include="Game Modules\Particles">
      <UniqueIdentifier>{80ce35aa-3559-4277-ba6f-cf193b0c52d5}</UniqueIdentifier>
    </Filter>
    <Filter Include="Game Modules\Collision">
      <UniqueIdentifier>{9ded952c-6e27-41a5-be78-2fa16b7621de}</UniqueIdentifier>
    </Filter>
    <Filter Include="Core Modules\Audio">
      <UniqueIdentifier>{d0e89f8b-2205-41d6-9379-41ac728e8032}</UniqueIdentifier>
    </Filter>
    <Filter Include="Game Modules\UI">
      <UniqueIdentifier>{32ca4a58-70cf-49a6-94eb-8f1a1720c3fd}</UniqueIdentifier>
    </Filter>
  </ItemGroup>
  <ItemGroup>
    <ClInclude Include="ModuleRender.h">
      <Filter>Core Modules</Filter>
    </ClInclude>
    <ClInclude Include="ModuleTextures.h">
      <Filter>Core Modules</Filter>
    </ClInclude>
    <ClInclude Include="ModuleWindow.h">
      <Filter>Core Modules</Filter>
    </ClInclude>
    <ClInclude Include="Module.h">
      <Filter>Core Modules</Filter>
    </ClInclude>
    <ClInclude Include="Application.h">
      <Filter>Main</Filter>
    </ClInclude>
    <ClInclude Include="Globals.h">
      <Filter>Main</Filter>
    </ClInclude>
    <ClInclude Include="ModuleFadeToBlack.h">
      <Filter>Core Modules</Filter>
    </ClInclude>
    <ClInclude Include="Animation.h">
      <Filter>Utils</Filter>
    </ClInclude>
    <ClInclude Include="Point.h">
      <Filter>Utils</Filter>
    </ClInclude>
    <ClInclude Include="ModulePlayer.h">
      <Filter>Game Modules</Filter>
    </ClInclude>
    <ClInclude Include="ModuleInput.h">
      <Filter>Core Modules</Filter>
    </ClInclude>
    <ClInclude Include="MemLeaks.h">
      <Filter>Utils</Filter>
    </ClInclude>
    <ClInclude Include="Component.h">
      <Filter>Unity Like</Filter>
    </ClInclude>
    <ClInclude Include="GameObject.h">
      <Filter>Unity Like</Filter>
    </ClInclude>
    <ClInclude Include="Object.h">
      <Filter>Unity Like</Filter>
    </ClInclude>
    <ClInclude Include="ModuleFloor.h">
      <Filter>Game Modules</Filter>
    </ClInclude>
    <ClInclude Include="ModuleBackground.h">
      <Filter>Game Modules</Filter>
    </ClInclude>
    <ClInclude Include="ModuleTime.h">
      <Filter>Core Modules</Filter>
    </ClInclude>
    <ClInclude Include="ModuleStage.h">
      <Filter>Game Modules</Filter>
    </ClInclude>
    <ClInclude Include="Enemy.h">
      <Filter>Game Modules\Enemies</Filter>
    </ClInclude>
    <ClInclude Include="Obstacle.h">
      <Filter>Game Modules\Enemies</Filter>
    </ClInclude>
    <ClInclude Include="RectUtil.h">
      <Filter>Utils</Filter>
    </ClInclude>
    <ClInclude Include="ICollidable.h">
      <Filter>Interfaces</Filter>
    </ClInclude>
    <ClInclude Include="Vector3.h">
      <Filter>Utils</Filter>
    </ClInclude>
    <ClInclude Include="Transform.h">
      <Filter>Utils\Transforms</Filter>
    </ClInclude>
    <ClInclude Include="IClonable.h">
      <Filter>Interfaces</Filter>
    </ClInclude>
    <ClInclude Include="ScreenBoundTransform.h">
      <Filter>Utils\Transforms</Filter>
    </ClInclude>
    <ClInclude Include="Vector2.h">
      <Filter>Utils</Filter>
    </ClInclude>
    <ClInclude Include="IRenderable.h">
      <Filter>Interfaces</Filter>
    </ClInclude>
    <ClInclude Include="ModuleShadow.h" />
    <ClInclude Include="Pivot2D.h">
      <Filter>Utils</Filter>
    </ClInclude>
    <ClInclude Include="Size2D.h">
      <Filter>Utils</Filter>
    </ClInclude>
    <ClInclude Include="Ovni.h">
      <Filter>Game Modules\Enemies</Filter>
    </ClInclude>
    <ClInclude Include="Texture.h" />
    <ClInclude Include="IDeletable.h">
      <Filter>Interfaces</Filter>
    </ClInclude>
    <ClInclude Include="Particle.h">
      <Filter>Game Modules\Particles</Filter>
    </ClInclude>
    <ClInclude Include="ModuleEnemy.h">
      <Filter>Game Modules\Enemies</Filter>
    </ClInclude>
    <ClInclude Include="ModuleParticles.h">
      <Filter>Game Modules\Particles</Filter>
    </ClInclude>
    <ClInclude Include="ModuleCollision.h">
      <Filter>Game Modules\Collision</Filter>
    </ClInclude>
    <ClInclude Include="Collider.h">
      <Filter>Game Modules\Collision</Filter>
    </ClInclude>
    <ClInclude Include="FloorRelatedTransform.h">
      <Filter>Utils\Transforms</Filter>
    </ClInclude>
    <ClInclude Include="FloorAnchoredTransform.h">
      <Filter>Utils\Transforms</Filter>
    </ClInclude>
    <ClInclude Include="FloorBasedTransform.h">
      <Filter>Utils\Transforms</Filter>
    </ClInclude>
    <ClInclude Include="json_serializer.h">
      <Filter>Utils</Filter>
    </ClInclude>
    <ClInclude Include="ModuleAudio.h">
      <Filter>Core Modules\Audio</Filter>
    </ClInclude>
    <ClInclude Include="SFX.h">
      <Filter>Core Modules\Audio</Filter>
    </ClInclude>
    <ClInclude Include="ScreenBoundFloorProjectedTransform.h">
      <Filter>Utils\Transforms</Filter>
    </ClInclude>
    <ClInclude Include="ShieldedOvni.h">
      <Filter>Game Modules\Enemies</Filter>
    </ClInclude>
    <ClInclude Include="ShieldedOvniBrain.h">
      <Filter>Game Modules\Enemies</Filter>
    </ClInclude>
    <ClInclude Include="ModuleUserInterface.h">
      <Filter>Game Modules\UI</Filter>
    </ClInclude>
    <ClInclude Include="UI_HealthPoints.h">
      <Filter>Game Modules\UI</Filter>
    </ClInclude>
    <ClInclude Include="Explosion.h" />
  </ItemGroup>
  <ItemGroup>
    <ClCompile Include="Main.cpp">
      <Filter>Main</Filter>
    </ClCompile>
    <ClCompile Include="Application.cpp">
      <Filter>Main</Filter>
    </ClCompile>
    <ClCompile Include="ModuleRender.cpp">
      <Filter>Core Modules</Filter>
    </ClCompile>
    <ClCompile Include="ModuleTextures.cpp">
      <Filter>Core Modules</Filter>
    </ClCompile>
    <ClCompile Include="ModuleWindow.cpp">
      <Filter>Core Modules</Filter>
    </ClCompile>
    <ClCompile Include="ModuleFadeToBlack.cpp">
      <Filter>Core Modules</Filter>
    </ClCompile>
    <ClCompile Include="Log.cpp">
      <Filter>Utils</Filter>
    </ClCompile>
    <ClCompile Include="ModulePlayer.cpp">
      <Filter>Game Modules</Filter>
    </ClCompile>
    <ClCompile Include="ModuleInput.cpp">
      <Filter>Core Modules</Filter>
    </ClCompile>
    <ClCompile Include="Object.cpp">
      <Filter>Unity Like</Filter>
    </ClCompile>
    <ClCompile Include="GameObject.cpp">
      <Filter>Unity Like</Filter>
    </ClCompile>
    <ClCompile Include="Component.cpp">
      <Filter>Unity Like</Filter>
    </ClCompile>
    <ClCompile Include="ModuleFloor.cpp">
      <Filter>Game Modules</Filter>
    </ClCompile>
    <ClCompile Include="ModuleBackground.cpp">
      <Filter>Game Modules</Filter>
    </ClCompile>
    <ClCompile Include="ModuleTime.cpp">
      <Filter>Core Modules</Filter>
    </ClCompile>
    <ClCompile Include="ModuleStage.cpp">
      <Filter>Game Modules</Filter>
    </ClCompile>
    <ClCompile Include="Obstacle.cpp">
      <Filter>Game Modules\Enemies</Filter>
    </ClCompile>
    <ClCompile Include="ScreenBoundTransform.cpp">
      <Filter>Utils\Transforms</Filter>
    </ClCompile>
    <ClCompile Include="Vector2.cpp">
      <Filter>Utils</Filter>
    </ClCompile>
    <ClCompile Include="Vector3.cpp">
      <Filter>Main</Filter>
    </ClCompile>
    <ClCompile Include="ModuleShadow.cpp">
      <Filter>Main</Filter>
    </ClCompile>
    <ClCompile Include="Pivot2D.cpp">
      <Filter>Main</Filter>
    </ClCompile>
    <ClCompile Include="Ovni.cpp">
      <Filter>Game Modules\Enemies</Filter>
    </ClCompile>
    <ClCompile Include="Particle.cpp">
      <Filter>Game Modules\Particles</Filter>
    </ClCompile>
    <ClCompile Include="ModuleEnemy.cpp">
      <Filter>Game Modules\Enemies</Filter>
    </ClCompile>
    <ClCompile Include="ModuleParticles.cpp">
      <Filter>Game Modules\Particles</Filter>
    </ClCompile>
    <ClCompile Include="ModuleCollision.cpp">
      <Filter>Game Modules\Collision</Filter>
    </ClCompile>
    <ClCompile Include="Collider.cpp">
      <Filter>Game Modules\Collision</Filter>
    </ClCompile>
    <ClCompile Include="FloorAnchoredTransform.cpp">
      <Filter>Utils\Transforms</Filter>
    </ClCompile>
    <ClCompile Include="FloorBasedTransform.cpp">
      <Filter>Utils\Transforms</Filter>
    </ClCompile>
    <ClCompile Include="GameEntity.h">
      <Filter>Utils</Filter>
    </ClCompile>
    <ClCompile Include="ModuleAudio.cpp">
      <Filter>Core Modules\Audio</Filter>
    </ClCompile>
    <ClCompile Include="ScreenBoundFloorProjectedTransform.cpp">
      <Filter>Utils\Transforms</Filter>
    </ClCompile>
    <ClCompile Include="ShieldedOvni.cpp">
      <Filter>Game Modules\Enemies</Filter>
    </ClCompile>
    <ClCompile Include="ShieldedOvniBrain.cpp">
      <Filter>Game Modules\Enemies</Filter>
    </ClCompile>
    <ClCompile Include="Animation.cpp">
      <Filter>Utils</Filter>
    </ClCompile>
    <ClCompile Include="ModuleUserInterface.cpp">
      <Filter>Game Modules\UI</Filter>
    </ClCompile>
    <ClCompile Include="UI_HealthPoints.cpp">
      <Filter>Game Modules\UI</Filter>
    </ClCompile>
    <ClCompile Include="Explosion.cpp">
      <Filter>Main</Filter>
    </ClCompile>
  </ItemGroup>
</Project>